// !$*UTF8*$!
{
	archiveVersion = 1;
	classes = {
	};
	objectVersion = 55;
	objects = {

/* Begin PBXBuildFile section */
		3710AE12282E9B7900CE5BC6 /* Habit.swift in Sources */ = {isa = PBXBuildFile; fileRef = 3710AE11282E9B7900CE5BC6 /* Habit.swift */; };
		3710AE17282E9C9C00CE5BC6 /* HabitsViewModel.swift in Sources */ = {isa = PBXBuildFile; fileRef = 3710AE16282E9C9C00CE5BC6 /* HabitsViewModel.swift */; };
		3710AE1A282E9CD100CE5BC6 /* HabitView.swift in Sources */ = {isa = PBXBuildFile; fileRef = 3710AE19282E9CD100CE5BC6 /* HabitView.swift */; };
		3710AE1C282EA10800CE5BC6 /* AddHabitView.swift in Sources */ = {isa = PBXBuildFile; fileRef = 3710AE1B282EA10800CE5BC6 /* AddHabitView.swift */; };
		3710AE1E282EA59700CE5BC6 /* HabitDetailView.swift in Sources */ = {isa = PBXBuildFile; fileRef = 3710AE1D282EA59700CE5BC6 /* HabitDetailView.swift */; };
		3710AE20282EA71700CE5BC6 /* HabitCompletionInfoView.swift in Sources */ = {isa = PBXBuildFile; fileRef = 3710AE1F282EA71700CE5BC6 /* HabitCompletionInfoView.swift */; };
		37914F26282D289300C5CA23 /* HabitTrackerApp.swift in Sources */ = {isa = PBXBuildFile; fileRef = 37914F25282D289300C5CA23 /* HabitTrackerApp.swift */; };
		37914F28282D289300C5CA23 /* HabitsView.swift in Sources */ = {isa = PBXBuildFile; fileRef = 37914F27282D289300C5CA23 /* HabitsView.swift */; };
		37914F2A282D289600C5CA23 /* Assets.xcassets in Resources */ = {isa = PBXBuildFile; fileRef = 37914F29282D289600C5CA23 /* Assets.xcassets */; };
		37914F2D282D289600C5CA23 /* Preview Assets.xcassets in Resources */ = {isa = PBXBuildFile; fileRef = 37914F2C282D289600C5CA23 /* Preview Assets.xcassets */; };
/* End PBXBuildFile section */

/* Begin PBXFileReference section */
		3710AE11282E9B7900CE5BC6 /* Habit.swift */ = {isa = PBXFileReference; lastKnownFileType = sourcecode.swift; path = Habit.swift; sourceTree = "<group>"; };
		3710AE16282E9C9C00CE5BC6 /* HabitsViewModel.swift */ = {isa = PBXFileReference; lastKnownFileType = sourcecode.swift; path = HabitsViewModel.swift; sourceTree = "<group>"; };
		3710AE19282E9CD100CE5BC6 /* HabitView.swift */ = {isa = PBXFileReference; lastKnownFileType = sourcecode.swift; path = HabitView.swift; sourceTree = "<group>"; };
		3710AE1B282EA10800CE5BC6 /* AddHabitView.swift */ = {isa = PBXFileReference; lastKnownFileType = sourcecode.swift; path = AddHabitView.swift; sourceTree = "<group>"; };
		3710AE1D282EA59700CE5BC6 /* HabitDetailView.swift */ = {isa = PBXFileReference; lastKnownFileType = sourcecode.swift; path = HabitDetailView.swift; sourceTree = "<group>"; };
		3710AE1F282EA71700CE5BC6 /* HabitCompletionInfoView.swift */ = {isa = PBXFileReference; lastKnownFileType = sourcecode.swift; path = HabitCompletionInfoView.swift; sourceTree = "<group>"; };
		37914F22282D289300C5CA23 /* HabitTracker.app */ = {isa = PBXFileReference; explicitFileType = wrapper.application; includeInIndex = 0; path = HabitTracker.app; sourceTree = BUILT_PRODUCTS_DIR; };
		37914F25282D289300C5CA23 /* HabitTrackerApp.swift */ = {isa = PBXFileReference; lastKnownFileType = sourcecode.swift; path = HabitTrackerApp.swift; sourceTree = "<group>"; };
		37914F27282D289300C5CA23 /* HabitsView.swift */ = {isa = PBXFileReference; lastKnownFileType = sourcecode.swift; path = HabitsView.swift; sourceTree = "<group>"; };
		37914F29282D289600C5CA23 /* Assets.xcassets */ = {isa = PBXFileReference; lastKnownFileType = folder.assetcatalog; path = Assets.xcassets; sourceTree = "<group>"; };
		37914F2C282D289600C5CA23 /* Preview Assets.xcassets */ = {isa = PBXFileReference; lastKnownFileType = folder.assetcatalog; path = "Preview Assets.xcassets"; sourceTree = "<group>"; };
/* End PBXFileReference section */

/* Begin PBXFrameworksBuildPhase section */
		37914F1F282D289300C5CA23 /* Frameworks */ = {
			isa = PBXFrameworksBuildPhase;
			buildActionMask = 2147483647;
			files = (
			);
			runOnlyForDeploymentPostprocessing = 0;
		};
/* End PBXFrameworksBuildPhase section */

/* Begin PBXGroup section */
		3710AE13282E9B7D00CE5BC6 /* Models */ = {
			isa = PBXGroup;
			children = (
				3710AE11282E9B7900CE5BC6 /* Habit.swift */,
			);
			path = Models;
			sourceTree = "<group>";
		};
		3710AE14282E9B8200CE5BC6 /* ViewModels */ = {
			isa = PBXGroup;
			children = (
				3710AE16282E9C9C00CE5BC6 /* HabitsViewModel.swift */,
			);
			path = ViewModels;
			sourceTree = "<group>";
		};
		3710AE15282E9B8E00CE5BC6 /* Views */ = {
			isa = PBXGroup;
			children = (
				3710AE18282E9CB900CE5BC6 /* Reusable */,
				37914F27282D289300C5CA23 /* HabitsView.swift */,
				3710AE1B282EA10800CE5BC6 /* AddHabitView.swift */,
				3710AE1D282EA59700CE5BC6 /* HabitDetailView.swift */,
			);
			path = Views;
			sourceTree = "<group>";
		};
		3710AE18282E9CB900CE5BC6 /* Reusable */ = {
			isa = PBXGroup;
			children = (
				3710AE19282E9CD100CE5BC6 /* HabitView.swift */,
				3710AE1F282EA71700CE5BC6 /* HabitCompletionInfoView.swift */,
			);
			path = Reusable;
			sourceTree = "<group>";
		};
		37914F19282D289300C5CA23 = {
			isa = PBXGroup;
			children = (
				37914F24282D289300C5CA23 /* HabitTracker */,
				37914F23282D289300C5CA23 /* Products */,
			);
			sourceTree = "<group>";
		};
		37914F23282D289300C5CA23 /* Products */ = {
			isa = PBXGroup;
			children = (
				37914F22282D289300C5CA23 /* HabitTracker.app */,
			);
			name = Products;
			sourceTree = "<group>";
		};
		37914F24282D289300C5CA23 /* HabitTracker */ = {
			isa = PBXGroup;
			children = (
				3710AE15282E9B8E00CE5BC6 /* Views */,
				3710AE14282E9B8200CE5BC6 /* ViewModels */,
				3710AE13282E9B7D00CE5BC6 /* Models */,
				37914F25282D289300C5CA23 /* HabitTrackerApp.swift */,
				37914F29282D289600C5CA23 /* Assets.xcassets */,
				37914F2B282D289600C5CA23 /* Preview Content */,
			);
			path = HabitTracker;
			sourceTree = "<group>";
		};
		37914F2B282D289600C5CA23 /* Preview Content */ = {
			isa = PBXGroup;
			children = (
				37914F2C282D289600C5CA23 /* Preview Assets.xcassets */,
			);
			path = "Preview Content";
			sourceTree = "<group>";
		};
/* End PBXGroup section */

/* Begin PBXNativeTarget section */
		37914F21282D289300C5CA23 /* HabitTracker */ = {
			isa = PBXNativeTarget;
			buildConfigurationList = 37914F30282D289600C5CA23 /* Build configuration list for PBXNativeTarget "HabitTracker" */;
			buildPhases = (
				37914F1E282D289300C5CA23 /* Sources */,
				37914F1F282D289300C5CA23 /* Frameworks */,
				37914F20282D289300C5CA23 /* Resources */,
			);
			buildRules = (
			);
			dependencies = (
			);
			name = HabitTracker;
			productName = HabitTracker;
			productReference = 37914F22282D289300C5CA23 /* HabitTracker.app */;
			productType = "com.apple.product-type.application";
		};
/* End PBXNativeTarget section */

/* Begin PBXProject section */
		37914F1A282D289300C5CA23 /* Project object */ = {
			isa = PBXProject;
			attributes = {
				BuildIndependentTargetsInParallel = 1;
				LastSwiftUpdateCheck = 1330;
				LastUpgradeCheck = 1330;
				TargetAttributes = {
					37914F21282D289300C5CA23 = {
						CreatedOnToolsVersion = 13.3.1;
					};
				};
			};
			buildConfigurationList = 37914F1D282D289300C5CA23 /* Build configuration list for PBXProject "HabitTracker" */;
			compatibilityVersion = "Xcode 13.0";
			developmentRegion = en;
			hasScannedForEncodings = 0;
			knownRegions = (
				en,
				Base,
			);
			mainGroup = 37914F19282D289300C5CA23;
			productRefGroup = 37914F23282D289300C5CA23 /* Products */;
			projectDirPath = "";
			projectRoot = "";
			targets = (
				37914F21282D289300C5CA23 /* HabitTracker */,
			);
		};
/* End PBXProject section */

/* Begin PBXResourcesBuildPhase section */
		37914F20282D289300C5CA23 /* Resources */ = {
			isa = PBXResourcesBuildPhase;
			buildActionMask = 2147483647;
			files = (
				37914F2D282D289600C5CA23 /* Preview Assets.xcassets in Resources */,
				37914F2A282D289600C5CA23 /* Assets.xcassets in Resources */,
			);
			runOnlyForDeploymentPostprocessing = 0;
		};
/* End PBXResourcesBuildPhase section */

/* Begin PBXSourcesBuildPhase section */
		37914F1E282D289300C5CA23 /* Sources */ = {
			isa = PBXSourcesBuildPhase;
			buildActionMask = 2147483647;
			files = (
				3710AE1E282EA59700CE5BC6 /* HabitDetailView.swift in Sources */,
				3710AE12282E9B7900CE5BC6 /* Habit.swift in Sources */,
				3710AE17282E9C9C00CE5BC6 /* HabitsViewModel.swift in Sources */,
				37914F28282D289300C5CA23 /* HabitsView.swift in Sources */,
				3710AE20282EA71700CE5BC6 /* HabitCompletionInfoView.swift in Sources */,
				3710AE1A282E9CD100CE5BC6 /* HabitView.swift in Sources */,
				37914F26282D289300C5CA23 /* HabitTrackerApp.swift in Sources */,
				3710AE1C282EA10800CE5BC6 /* AddHabitView.swift in Sources */,
			);
			runOnlyForDeploymentPostprocessing = 0;
		};
/* End PBXSourcesBuildPhase section */

/* Begin XCBuildConfiguration section */
		37914F2E282D289600C5CA23 /* Debug */ = {
			isa = XCBuildConfiguration;
			buildSettings = {
				ALWAYS_SEARCH_USER_PATHS = NO;
				CLANG_ANALYZER_NONNULL = YES;
				CLANG_ANALYZER_NUMBER_OBJECT_CONVERSION = YES_AGGRESSIVE;
				CLANG_CXX_LANGUAGE_STANDARD = "gnu++17";
				CLANG_ENABLE_MODULES = YES;
				CLANG_ENABLE_OBJC_ARC = YES;
				CLANG_ENABLE_OBJC_WEAK = YES;
				CLANG_WARN_BLOCK_CAPTURE_AUTORELEASING = YES;
				CLANG_WARN_BOOL_CONVERSION = YES;
				CLANG_WARN_COMMA = YES;
				CLANG_WARN_CONSTANT_CONVERSION = YES;
				CLANG_WARN_DEPRECATED_OBJC_IMPLEMENTATIONS = YES;
				CLANG_WARN_DIRECT_OBJC_ISA_USAGE = YES_ERROR;
				CLANG_WARN_DOCUMENTATION_COMMENTS = YES;
				CLANG_WARN_EMPTY_BODY = YES;
				CLANG_WARN_ENUM_CONVERSION = YES;
				CLANG_WARN_INFINITE_RECURSION = YES;
				CLANG_WARN_INT_CONVERSION = YES;
				CLANG_WARN_NON_LITERAL_NULL_CONVERSION = YES;
				CLANG_WARN_OBJC_IMPLICIT_RETAIN_SELF = YES;
				CLANG_WARN_OBJC_LITERAL_CONVERSION = YES;
				CLANG_WARN_OBJC_ROOT_CLASS = YES_ERROR;
				CLANG_WARN_QUOTED_INCLUDE_IN_FRAMEWORK_HEADER = YES;
				CLANG_WARN_RANGE_LOOP_ANALYSIS = YES;
				CLANG_WARN_STRICT_PROTOTYPES = YES;
				CLANG_WARN_SUSPICIOUS_MOVE = YES;
				CLANG_WARN_UNGUARDED_AVAILABILITY = YES_AGGRESSIVE;
				CLANG_WARN_UNREACHABLE_CODE = YES;
				CLANG_WARN__DUPLICATE_METHOD_MATCH = YES;
				COPY_PHASE_STRIP = NO;
				DEBUG_INFORMATION_FORMAT = dwarf;
				ENABLE_STRICT_OBJC_MSGSEND = YES;
				ENABLE_TESTABILITY = YES;
				GCC_C_LANGUAGE_STANDARD = gnu11;
				GCC_DYNAMIC_NO_PIC = NO;
				GCC_NO_COMMON_BLOCKS = YES;
				GCC_OPTIMIZATION_LEVEL = 0;
				GCC_PREPROCESSOR_DEFINITIONS = (
					"DEBUG=1",
					"$(inherited)",
				);
				GCC_WARN_64_TO_32_BIT_CONVERSION = YES;
				GCC_WARN_ABOUT_RETURN_TYPE = YES_ERROR;
				GCC_WARN_UNDECLARED_SELECTOR = YES;
				GCC_WARN_UNINITIALIZED_AUTOS = YES_AGGRESSIVE;
				GCC_WARN_UNUSED_FUNCTION = YES;
				GCC_WARN_UNUSED_VARIABLE = YES;
				IPHONEOS_DEPLOYMENT_TARGET = 15.4;
				MTL_ENABLE_DEBUG_INFO = INCLUDE_SOURCE;
				MTL_FAST_MATH = YES;
				ONLY_ACTIVE_ARCH = YES;
				SDKROOT = iphoneos;
				SWIFT_ACTIVE_COMPILATION_CONDITIONS = DEBUG;
				SWIFT_OPTIMIZATION_LEVEL = "-Onone";
			};
			name = Debug;
		};
		37914F2F282D289600C5CA23 /* Release */ = {
			isa = XCBuildConfiguration;
			buildSettings = {
				ALWAYS_SEARCH_USER_PATHS = NO;
				CLANG_ANALYZER_NONNULL = YES;
				CLANG_ANALYZER_NUMBER_OBJECT_CONVERSION = YES_AGGRESSIVE;
				CLANG_CXX_LANGUAGE_STANDARD = "gnu++17";
				CLANG_ENABLE_MODULES = YES;
				CLANG_ENABLE_OBJC_ARC = YES;
				CLANG_ENABLE_OBJC_WEAK = YES;
				CLANG_WARN_BLOCK_CAPTURE_AUTORELEASING = YES;
				CLANG_WARN_BOOL_CONVERSION = YES;
				CLANG_WARN_COMMA = YES;
				CLANG_WARN_CONSTANT_CONVERSION = YES;
				CLANG_WARN_DEPRECATED_OBJC_IMPLEMENTATIONS = YES;
				CLANG_WARN_DIRECT_OBJC_ISA_USAGE = YES_ERROR;
				CLANG_WARN_DOCUMENTATION_COMMENTS = YES;
				CLANG_WARN_EMPTY_BODY = YES;
				CLANG_WARN_ENUM_CONVERSION = YES;
				CLANG_WARN_INFINITE_RECURSION = YES;
				CLANG_WARN_INT_CONVERSION = YES;
				CLANG_WARN_NON_LITERAL_NULL_CONVERSION = YES;
				CLANG_WARN_OBJC_IMPLICIT_RETAIN_SELF = YES;
				CLANG_WARN_OBJC_LITERAL_CONVERSION = YES;
				CLANG_WARN_OBJC_ROOT_CLASS = YES_ERROR;
				CLANG_WARN_QUOTED_INCLUDE_IN_FRAMEWORK_HEADER = YES;
				CLANG_WARN_RANGE_LOOP_ANALYSIS = YES;
				CLANG_WARN_STRICT_PROTOTYPES = YES;
				CLANG_WARN_SUSPICIOUS_MOVE = YES;
				CLANG_WARN_UNGUARDED_AVAILABILITY = YES_AGGRESSIVE;
				CLANG_WARN_UNREACHABLE_CODE = YES;
				CLANG_WARN__DUPLICATE_METHOD_MATCH = YES;
				COPY_PHASE_STRIP = NO;
				DEBUG_INFORMATION_FORMAT = "dwarf-with-dsym";
				ENABLE_NS_ASSERTIONS = NO;
				ENABLE_STRICT_OBJC_MSGSEND = YES;
				GCC_C_LANGUAGE_STANDARD = gnu11;
				GCC_NO_COMMON_BLOCKS = YES;
				GCC_WARN_64_TO_32_BIT_CONVERSION = YES;
				GCC_WARN_ABOUT_RETURN_TYPE = YES_ERROR;
				GCC_WARN_UNDECLARED_SELECTOR = YES;
				GCC_WARN_UNINITIALIZED_AUTOS = YES_AGGRESSIVE;
				GCC_WARN_UNUSED_FUNCTION = YES;
				GCC_WARN_UNUSED_VARIABLE = YES;
				IPHONEOS_DEPLOYMENT_TARGET = 15.4;
				MTL_ENABLE_DEBUG_INFO = NO;
				MTL_FAST_MATH = YES;
				SDKROOT = iphoneos;
				SWIFT_COMPILATION_MODE = wholemodule;
				SWIFT_OPTIMIZATION_LEVEL = "-O";
				VALIDATE_PRODUCT = YES;
			};
			name = Release;
		};
		37914F31282D289600C5CA23 /* Debug */ = {
			isa = XCBuildConfiguration;
			buildSettings = {
				ASSETCATALOG_COMPILER_APPICON_NAME = AppIcon;
				ASSETCATALOG_COMPILER_GLOBAL_ACCENT_COLOR_NAME = AccentColor;
				CODE_SIGN_STYLE = Automatic;
				CURRENT_PROJECT_VERSION = 1;
				DEVELOPMENT_ASSET_PATHS = "\"HabitTracker/Preview Content\"";
				DEVELOPMENT_TEAM = 4B76WUX67Y;
				ENABLE_PREVIEWS = YES;
				GENERATE_INFOPLIST_FILE = YES;
				INFOPLIST_KEY_UIApplicationSceneManifest_Generation = YES;
				INFOPLIST_KEY_UIApplicationSupportsIndirectInputEvents = YES;
				INFOPLIST_KEY_UILaunchScreen_Generation = YES;
				INFOPLIST_KEY_UISupportedInterfaceOrientations_iPad = "UIInterfaceOrientationPortrait UIInterfaceOrientationPortraitUpsideDown UIInterfaceOrientationLandscapeLeft UIInterfaceOrientationLandscapeRight";
				INFOPLIST_KEY_UISupportedInterfaceOrientations_iPhone = "UIInterfaceOrientationPortrait UIInterfaceOrientationLandscapeLeft UIInterfaceOrientationLandscapeRight";
				LD_RUNPATH_SEARCH_PATHS = (
					"$(inherited)",
					"@executable_path/Frameworks",
				);
				MARKETING_VERSION = 1.0;
				PRODUCT_BUNDLE_IDENTIFIER = com.kamilskrzynski.HabitTracker;
				PRODUCT_NAME = "$(TARGET_NAME)";
				SWIFT_EMIT_LOC_STRINGS = YES;
				SWIFT_VERSION = 5.0;
				TARGETED_DEVICE_FAMILY = "1,2";
			};
			name = Debug;
		};
		37914F32282D289600C5CA23 /* Release */ = {
			isa = XCBuildConfiguration;
			buildSettings = {
				ASSETCATALOG_COMPILER_APPICON_NAME = AppIcon;
				ASSETCATALOG_COMPILER_GLOBAL_ACCENT_COLOR_NAME = AccentColor;
				CODE_SIGN_STYLE = Automatic;
				CURRENT_PROJECT_VERSION = 1;
				DEVELOPMENT_ASSET_PATHS = "\"HabitTracker/Preview Content\"";
				DEVELOPMENT_TEAM = 4B76WUX67Y;
				ENABLE_PREVIEWS = YES;
				GENERATE_INFOPLIST_FILE = YES;
				INFOPLIST_KEY_UIApplicationSceneManifest_Generation = YES;
				INFOPLIST_KEY_UIApplicationSupportsIndirectInputEvents = YES;
				INFOPLIST_KEY_UILaunchScreen_Generation = YES;
				INFOPLIST_KEY_UISupportedInterfaceOrientations_iPad = "UIInterfaceOrientationPortrait UIInterfaceOrientationPortraitUpsideDown UIInterfaceOrientationLandscapeLeft UIInterfaceOrientationLandscapeRight";
				INFOPLIST_KEY_UISupportedInterfaceOrientations_iPhone = "UIInterfaceOrientationPortrait UIInterfaceOrientationLandscapeLeft UIInterfaceOrientationLandscapeRight";
				LD_RUNPATH_SEARCH_PATHS = (
					"$(inherited)",
					"@executable_path/Frameworks",
				);
				MARKETING_VERSION = 1.0;
				PRODUCT_BUNDLE_IDENTIFIER = com.kamilskrzynski.HabitTracker;
				PRODUCT_NAME = "$(TARGET_NAME)";
				SWIFT_EMIT_LOC_STRINGS = YES;
				SWIFT_VERSION = 5.0;
				TARGETED_DEVICE_FAMILY = "1,2";
			};
			name = Release;
		};
/* End XCBuildConfiguration section */

/* Begin XCConfigurationList section */
		37914F1D282D289300C5CA23 /* Build configuration list for PBXProject "HabitTracker" */ = {
			isa = XCConfigurationList;
			buildConfigurations = (
				37914F2E282D289600C5CA23 /* Debug */,
				37914F2F282D289600C5CA23 /* Release */,
			);
			defaultConfigurationIsVisible = 0;
			defaultConfigurationName = Release;
		};
		37914F30282D289600C5CA23 /* Build configuration list for PBXNativeTarget "HabitTracker" */ = {
			isa = XCConfigurationList;
			buildConfigurations = (
				37914F31282D289600C5CA23 /* Debug */,
				37914F32282D289600C5CA23 /* Release */,
			);
			defaultConfigurationIsVisible = 0;
			defaultConfigurationName = Release;
		};
/* End XCConfigurationList section */
	};
	rootObject = 37914F1A282D289300C5CA23 /* Project object */;
}
